<?xml version="1.0" encoding="utf-8"?>
<Project ToolsVersion="4.0" xmlns="http://schemas.microsoft.com/developer/msbuild/2003">
  <ItemGroup>
    <Filter Include="ソース ファイル">
      <UniqueIdentifier>{4FC737F1-C7A5-4376-A066-2A32D752A2FF}</UniqueIdentifier>
      <Extensions>cpp;c;cc;cxx;c++;cppm;ixx;def;odl;idl;hpj;bat;asm;asmx</Extensions>
    </Filter>
    <Filter Include="ヘッダー ファイル">
      <UniqueIdentifier>{93995380-89BD-4b04-88EB-625FBE52EBFB}</UniqueIdentifier>
      <Extensions>h;hh;hpp;hxx;h++;hm;inl;inc;ipp;xsd</Extensions>
    </Filter>
    <Filter Include="リソース ファイル">
      <UniqueIdentifier>{67DA6AB6-F800-4c08-8B7A-83BB121AAD01}</UniqueIdentifier>
      <Extensions>rc;ico;cur;bmp;dlg;rc2;rct;bin;rgs;gif;jpg;jpeg;jpe;resx;tiff;tif;png;wav;mfcribbon-ms</Extensions>
    </Filter>
    <Filter Include="Objects">
      <UniqueIdentifier>{d0387cdc-559f-4e89-98d1-b017e8bee1c4}</UniqueIdentifier>
    </Filter>
    <Filter Include="Resource">
      <UniqueIdentifier>{c6c53ff9-097f-466a-9e62-3fa0f3c737b4}</UniqueIdentifier>
    </Filter>
    <Filter Include="Scene">
      <UniqueIdentifier>{a8da1269-a2d0-49d9-8cbb-7db7edc142ad}</UniqueIdentifier>
    </Filter>
    <Filter Include="Utility">
      <UniqueIdentifier>{4ee3a355-f8e9-4014-bd93-bc0b2de50b25}</UniqueIdentifier>
    </Filter>
    <Filter Include="Objects\Player">
      <UniqueIdentifier>{0751a95d-1f3b-4047-98f1-9b80239ffe43}</UniqueIdentifier>
    </Filter>
  </ItemGroup>
  <ItemGroup>
    <ClCompile Include="AppMain.cpp">
      <Filter>ソース ファイル</Filter>
    </ClCompile>
    <ClCompile Include="Objects\Player\Player.cpp">
      <Filter>Objects\Player</Filter>
    </ClCompile>
    <ClCompile Include="Objects\GameObject.cpp">
      <Filter>Objects</Filter>
    </ClCompile>
    <ClCompile Include="Scene\Scene.cpp">
      <Filter>ソース ファイル</Filter>
    </ClCompile>
    <ClCompile Include="Utility\InputControl.cpp">
      <Filter>ソース ファイル</Filter>
    </ClCompile>
    <ClCompile Include="Utility\Vector2D.cpp">
      <Filter>ソース ファイル</Filter>
    </ClCompile>
  </ItemGroup>
  <ItemGroup>
    <ClInclude Include="Objects\Player\Player.h">
      <Filter>Objects\Player</Filter>
    </ClInclude>
    <ClInclude Include="Objects\GameObject.h">
      <Filter>Objects</Filter>
    </ClInclude>
    <ClInclude Include="resource.h">
      <Filter>ヘッダー ファイル</Filter>
    </ClInclude>
    <ClInclude Include="Scene\Scene.h">
      <Filter>ヘッダー ファイル</Filter>
    </ClInclude>
    <ClInclude Include="Utility\InputControl.h">
      <Filter>ヘッダー ファイル</Filter>
    </ClInclude>
    <ClInclude Include="Utility\Vector2D.h">
      <Filter>ヘッダー ファイル</Filter>
    </ClInclude>
  </ItemGroup>
  <ItemGroup>
    <ResourceCompile Include="Sample.rc">
      <Filter>リソース ファイル</Filter>
    </ResourceCompile>
  </ItemGroup>
</Project>